
Microsoft Visual Studio Solution File, Format Version 12.00
# Visual Studio Version 17
VisualStudioVersion = 17.2.32602.215
MinimumVisualStudioVersion = 10.0.40219.1
Project("{FAE04EC0-301F-11D3-BF4B-00C04F79EFBC}") = "ex06-alg", "ex06-alg.csproj", "{C4D6C959-46BA-4005-BD37-3D46A5C1255D}"
EndProject
Global
	GlobalSection(SolutionConfigurationPlatforms) = preSolution
		Debug|Any CPU = Debug|Any CPU
		Release|Any CPU = Release|Any CPU
	EndGlobalSection
	GlobalSection(ProjectConfigurationPlatforms) = postSolution
		{C4D6C959-46BA-4005-BD37-3D46A5C1255D}.Debug|Any CPU.ActiveCfg = Debug|Any CPU
		{C4D6C959-46BA-4005-BD37-3D46A5C1255D}.Debug|Any CPU.Build.0 = Debug|Any CPU
		{C4D6C959-46BA-4005-BD37-3D46A5C1255D}.Release|Any CPU.ActiveCfg = Release|Any CPU
		{C4D6C959-46BA-4005-BD37-3D46A5C1255D}.Release|Any CPU.Build.0 = Release|Any CPU
	EndGlobalSection
	GlobalSection(SolutionProperties) = preSolution
		HideSolutionNode = FALSE
	EndGlobalSection
	GlobalSection(ExtensibilityGlobals) = postSolution
		SolutionGuid = {A2096E1C-54D1-44B3-A81C-AB1DAECAF5A3}
	EndGlobalSection
EndGlobal
