
Microsoft Visual Studio Solution File, Format Version 12.00
# Visual Studio Version 17
VisualStudioVersion = 17.2.32602.215
MinimumVisualStudioVersion = 10.0.40219.1
Project("{FAE04EC0-301F-11D3-BF4B-00C04F79EFBC}") = "ex08-alg", "ex08-alg.csproj", "{F78A49BE-88C0-4224-ABA3-9494B92860B2}"
EndProject
Global
	GlobalSection(SolutionConfigurationPlatforms) = preSolution
		Debug|Any CPU = Debug|Any CPU
		Release|Any CPU = Release|Any CPU
	EndGlobalSection
	GlobalSection(ProjectConfigurationPlatforms) = postSolution
		{F78A49BE-88C0-4224-ABA3-9494B92860B2}.Debug|Any CPU.ActiveCfg = Debug|Any CPU
		{F78A49BE-88C0-4224-ABA3-9494B92860B2}.Debug|Any CPU.Build.0 = Debug|Any CPU
		{F78A49BE-88C0-4224-ABA3-9494B92860B2}.Release|Any CPU.ActiveCfg = Release|Any CPU
		{F78A49BE-88C0-4224-ABA3-9494B92860B2}.Release|Any CPU.Build.0 = Release|Any CPU
	EndGlobalSection
	GlobalSection(SolutionProperties) = preSolution
		HideSolutionNode = FALSE
	EndGlobalSection
	GlobalSection(ExtensibilityGlobals) = postSolution
		SolutionGuid = {1E95D839-C6F8-491F-AA46-E5922A734D5E}
	EndGlobalSection
EndGlobal
