
Microsoft Visual Studio Solution File, Format Version 12.00
# Visual Studio Version 17
VisualStudioVersion = 17.2.32602.215
MinimumVisualStudioVersion = 10.0.40219.1
Project("{FAE04EC0-301F-11D3-BF4B-00C04F79EFBC}") = "ex03-alg", "ex03-alg.csproj", "{3FF0C1C8-F6D3-4150-9442-16996FEF713B}"
EndProject
Global
	GlobalSection(SolutionConfigurationPlatforms) = preSolution
		Debug|Any CPU = Debug|Any CPU
		Release|Any CPU = Release|Any CPU
	EndGlobalSection
	GlobalSection(ProjectConfigurationPlatforms) = postSolution
		{3FF0C1C8-F6D3-4150-9442-16996FEF713B}.Debug|Any CPU.ActiveCfg = Debug|Any CPU
		{3FF0C1C8-F6D3-4150-9442-16996FEF713B}.Debug|Any CPU.Build.0 = Debug|Any CPU
		{3FF0C1C8-F6D3-4150-9442-16996FEF713B}.Release|Any CPU.ActiveCfg = Release|Any CPU
		{3FF0C1C8-F6D3-4150-9442-16996FEF713B}.Release|Any CPU.Build.0 = Release|Any CPU
	EndGlobalSection
	GlobalSection(SolutionProperties) = preSolution
		HideSolutionNode = FALSE
	EndGlobalSection
	GlobalSection(ExtensibilityGlobals) = postSolution
		SolutionGuid = {E1FF6546-3A6B-4D77-8EBC-BA878C1801B1}
	EndGlobalSection
EndGlobal
